
Microsoft Visual Studio Solution File, Format Version 12.00
# Visual Studio 2012
Project("{FAE04EC0-301F-11D3-BF4B-00C04F79EFBC}") = "Motor3Control", "Motor3Control\Motor3Control.csproj", "{FC8B9FDB-DC5D-403F-ABA7-A8B9B7304541}"
EndProject
Global
	GlobalSection(SolutionConfigurationPlatforms) = preSolution
		Debug|Any CPU = Debug|Any CPU
		Release|Any CPU = Release|Any CPU
	EndGlobalSection
	GlobalSection(ProjectConfigurationPlatforms) = postSolution
		{FC8B9FDB-DC5D-403F-ABA7-A8B9B7304541}.Debug|Any CPU.ActiveCfg = Debug|Any CPU
		{FC8B9FDB-DC5D-403F-ABA7-A8B9B7304541}.Debug|Any CPU.Build.0 = Debug|Any CPU
		{FC8B9FDB-DC5D-403F-ABA7-A8B9B7304541}.Release|Any CPU.ActiveCfg = Release|Any CPU
		{FC8B9FDB-DC5D-403F-ABA7-A8B9B7304541}.Release|Any CPU.Build.0 = Release|Any CPU
	EndGlobalSection
	GlobalSection(SolutionProperties) = preSolution
		HideSolutionNode = FALSE
	EndGlobalSection
EndGlobal
